
Microsoft Visual Studio Solution File, Format Version 12.00
# Visual Studio Version 16
VisualStudioVersion = 16.0.30114.105
MinimumVisualStudioVersion = 10.0.40219.1
Project("{FAE04EC0-301F-11D3-BF4B-00C04F79EFBC}") = "Chat.ConsoleApp", "Chat.ConsoleApp\Chat.ConsoleApp.csproj", "{99AF27DF-15C6-4EAF-8281-DB1C79AA76EA}"
EndProject
Project("{FAE04EC0-301F-11D3-BF4B-00C04F79EFBC}") = "Chat.Database", "Chat.Database\Chat.Database.csproj", "{428B6677-3434-4111-8CF3-4D98160B30C0}"
EndProject
Project("{FAE04EC0-301F-11D3-BF4B-00C04F79EFBC}") = "Chat.Application", "Chat.Application\Chat.Application.csproj", "{FBC90779-504B-4124-97FD-C39BF77995B9}"
EndProject
Project("{FAE04EC0-301F-11D3-BF4B-00C04F79EFBC}") = "Chat.Application.Tests", "Chat.Application.Tests\Chat.Application.Tests.csproj", "{D0D514CF-0667-40C7-8544-D38759D930B7}"
EndProject
Project("{FAE04EC0-301F-11D3-BF4B-00C04F79EFBC}") = "Chat.Domain", "Chat.Domain\Chat.Domain.csproj", "{E58DE9A5-ABD3-4560-A7B0-BE70E3294C52}"
EndProject
Global
	GlobalSection(SolutionConfigurationPlatforms) = preSolution
		Debug|Any CPU = Debug|Any CPU
		Release|Any CPU = Release|Any CPU
	EndGlobalSection
	GlobalSection(SolutionProperties) = preSolution
		HideSolutionNode = FALSE
	EndGlobalSection
	GlobalSection(ProjectConfigurationPlatforms) = postSolution
		{99AF27DF-15C6-4EAF-8281-DB1C79AA76EA}.Debug|Any CPU.ActiveCfg = Debug|Any CPU
		{99AF27DF-15C6-4EAF-8281-DB1C79AA76EA}.Debug|Any CPU.Build.0 = Debug|Any CPU
		{99AF27DF-15C6-4EAF-8281-DB1C79AA76EA}.Release|Any CPU.ActiveCfg = Release|Any CPU
		{99AF27DF-15C6-4EAF-8281-DB1C79AA76EA}.Release|Any CPU.Build.0 = Release|Any CPU
		{428B6677-3434-4111-8CF3-4D98160B30C0}.Debug|Any CPU.ActiveCfg = Debug|Any CPU
		{428B6677-3434-4111-8CF3-4D98160B30C0}.Debug|Any CPU.Build.0 = Debug|Any CPU
		{428B6677-3434-4111-8CF3-4D98160B30C0}.Release|Any CPU.ActiveCfg = Release|Any CPU
		{428B6677-3434-4111-8CF3-4D98160B30C0}.Release|Any CPU.Build.0 = Release|Any CPU
		{FBC90779-504B-4124-97FD-C39BF77995B9}.Debug|Any CPU.ActiveCfg = Debug|Any CPU
		{FBC90779-504B-4124-97FD-C39BF77995B9}.Debug|Any CPU.Build.0 = Debug|Any CPU
		{FBC90779-504B-4124-97FD-C39BF77995B9}.Release|Any CPU.ActiveCfg = Release|Any CPU
		{FBC90779-504B-4124-97FD-C39BF77995B9}.Release|Any CPU.Build.0 = Release|Any CPU
		{D0D514CF-0667-40C7-8544-D38759D930B7}.Debug|Any CPU.ActiveCfg = Debug|Any CPU
		{D0D514CF-0667-40C7-8544-D38759D930B7}.Debug|Any CPU.Build.0 = Debug|Any CPU
		{D0D514CF-0667-40C7-8544-D38759D930B7}.Release|Any CPU.ActiveCfg = Release|Any CPU
		{D0D514CF-0667-40C7-8544-D38759D930B7}.Release|Any CPU.Build.0 = Release|Any CPU
		{E58DE9A5-ABD3-4560-A7B0-BE70E3294C52}.Debug|Any CPU.ActiveCfg = Debug|Any CPU
		{E58DE9A5-ABD3-4560-A7B0-BE70E3294C52}.Debug|Any CPU.Build.0 = Debug|Any CPU
		{E58DE9A5-ABD3-4560-A7B0-BE70E3294C52}.Release|Any CPU.ActiveCfg = Release|Any CPU
		{E58DE9A5-ABD3-4560-A7B0-BE70E3294C52}.Release|Any CPU.Build.0 = Release|Any CPU
	EndGlobalSection
EndGlobal
